// !$*UTF8*$!
{
	archiveVersion = 1;
	classes = {
	};
	objectVersion = 56;
	objects = {

/* Begin PBXBuildFile section */
		E22301D729732DAD0078B2A4 /* TestAIApp.swift in Sources */ = {isa = PBXBuildFile; fileRef = E22301D629732DAD0078B2A4 /* TestAIApp.swift */; };
		E22301D929732DAD0078B2A4 /* ChatView.swift in Sources */ = {isa = PBXBuildFile; fileRef = E22301D829732DAD0078B2A4 /* ChatView.swift */; };
		E22301DB29732DAF0078B2A4 /* Assets.xcassets in Resources */ = {isa = PBXBuildFile; fileRef = E22301DA29732DAF0078B2A4 /* Assets.xcassets */; };
		E22301DE29732DAF0078B2A4 /* Preview Assets.xcassets in Resources */ = {isa = PBXBuildFile; fileRef = E22301DD29732DAF0078B2A4 /* Preview Assets.xcassets */; };
		E22301E529732DC70078B2A4 /* ChatViewModel.swift in Sources */ = {isa = PBXBuildFile; fileRef = E22301E429732DC70078B2A4 /* ChatViewModel.swift */; };
		E22301E729732DD90078B2A4 /* OpenAIService.swift in Sources */ = {isa = PBXBuildFile; fileRef = E22301E629732DD90078B2A4 /* OpenAIService.swift */; };
		E22301EC297345EA0078B2A4 /* Message.swift in Sources */ = {isa = PBXBuildFile; fileRef = E22301EB297345EA0078B2A4 /* Message.swift */; };
		E22301EF297409950078B2A4 /* OpenAIKit in Frameworks */ = {isa = PBXBuildFile; productRef = E22301EE297409950078B2A4 /* OpenAIKit */; };
		E22301F42974267D0078B2A4 /* ContentView.swift in Sources */ = {isa = PBXBuildFile; fileRef = E22301F32974267D0078B2A4 /* ContentView.swift */; };
		E22301F7297426F80078B2A4 /* ImageGeneratorView.swift in Sources */ = {isa = PBXBuildFile; fileRef = E22301F6297426F80078B2A4 /* ImageGeneratorView.swift */; };
		E22301F9297427D30078B2A4 /* ImageGeneratorViewModel.swift in Sources */ = {isa = PBXBuildFile; fileRef = E22301F8297427D30078B2A4 /* ImageGeneratorViewModel.swift */; };
		E22301FE2975370F0078B2A4 /* Simulator Screen Shot - iPhone 13 mini - 2023-01-16 at 13.08.55.png in Resources */ = {isa = PBXBuildFile; fileRef = E22301FC2975370E0078B2A4 /* Simulator Screen Shot - iPhone 13 mini - 2023-01-16 at 13.08.55.png */; };
		E22301FF2975370F0078B2A4 /* Simulator Screen Shot - iPhone 13 mini - 2023-01-16 at 13.09.32.png in Resources */ = {isa = PBXBuildFile; fileRef = E22301FD2975370E0078B2A4 /* Simulator Screen Shot - iPhone 13 mini - 2023-01-16 at 13.09.32.png */; };
/* End PBXBuildFile section */

/* Begin PBXFileReference section */
		E22301D329732DAD0078B2A4 /* TestAI.app */ = {isa = PBXFileReference; explicitFileType = wrapper.application; includeInIndex = 0; path = TestAI.app; sourceTree = BUILT_PRODUCTS_DIR; };
		E22301D629732DAD0078B2A4 /* TestAIApp.swift */ = {isa = PBXFileReference; lastKnownFileType = sourcecode.swift; path = TestAIApp.swift; sourceTree = "<group>"; };
		E22301D829732DAD0078B2A4 /* ChatView.swift */ = {isa = PBXFileReference; lastKnownFileType = sourcecode.swift; path = ChatView.swift; sourceTree = "<group>"; };
		E22301DA29732DAF0078B2A4 /* Assets.xcassets */ = {isa = PBXFileReference; lastKnownFileType = folder.assetcatalog; path = Assets.xcassets; sourceTree = "<group>"; };
		E22301DD29732DAF0078B2A4 /* Preview Assets.xcassets */ = {isa = PBXFileReference; lastKnownFileType = folder.assetcatalog; path = "Preview Assets.xcassets"; sourceTree = "<group>"; };
		E22301E429732DC70078B2A4 /* ChatViewModel.swift */ = {isa = PBXFileReference; lastKnownFileType = sourcecode.swift; path = ChatViewModel.swift; sourceTree = "<group>"; };
		E22301E629732DD90078B2A4 /* OpenAIService.swift */ = {isa = PBXFileReference; lastKnownFileType = sourcecode.swift; path = OpenAIService.swift; sourceTree = "<group>"; };
		E22301EB297345EA0078B2A4 /* Message.swift */ = {isa = PBXFileReference; lastKnownFileType = sourcecode.swift; path = Message.swift; sourceTree = "<group>"; };
		E22301F32974267D0078B2A4 /* ContentView.swift */ = {isa = PBXFileReference; lastKnownFileType = sourcecode.swift; path = ContentView.swift; sourceTree = "<group>"; };
		E22301F6297426F80078B2A4 /* ImageGeneratorView.swift */ = {isa = PBXFileReference; lastKnownFileType = sourcecode.swift; path = ImageGeneratorView.swift; sourceTree = "<group>"; };
		E22301F8297427D30078B2A4 /* ImageGeneratorViewModel.swift */ = {isa = PBXFileReference; lastKnownFileType = sourcecode.swift; path = ImageGeneratorViewModel.swift; sourceTree = "<group>"; };
		E22301FC2975370E0078B2A4 /* Simulator Screen Shot - iPhone 13 mini - 2023-01-16 at 13.08.55.png */ = {isa = PBXFileReference; lastKnownFileType = image.png; path = "Simulator Screen Shot - iPhone 13 mini - 2023-01-16 at 13.08.55.png"; sourceTree = "<group>"; };
		E22301FD2975370E0078B2A4 /* Simulator Screen Shot - iPhone 13 mini - 2023-01-16 at 13.09.32.png */ = {isa = PBXFileReference; lastKnownFileType = image.png; path = "Simulator Screen Shot - iPhone 13 mini - 2023-01-16 at 13.09.32.png"; sourceTree = "<group>"; };
/* End PBXFileReference section */

/* Begin PBXFrameworksBuildPhase section */
		E22301D029732DAD0078B2A4 /* Frameworks */ = {
			isa = PBXFrameworksBuildPhase;
			buildActionMask = 2147483647;
			files = (
				E22301EF297409950078B2A4 /* OpenAIKit in Frameworks */,
			);
			runOnlyForDeploymentPostprocessing = 0;
		};
/* End PBXFrameworksBuildPhase section */

/* Begin PBXGroup section */
		E22301CA29732DAD0078B2A4 = {
			isa = PBXGroup;
			children = (
				E22301D529732DAD0078B2A4 /* TestAI */,
				E22301D429732DAD0078B2A4 /* Products */,
			);
			sourceTree = "<group>";
		};
		E22301D429732DAD0078B2A4 /* Products */ = {
			isa = PBXGroup;
			children = (
				E22301D329732DAD0078B2A4 /* TestAI.app */,
			);
			name = Products;
			sourceTree = "<group>";
		};
		E22301D529732DAD0078B2A4 /* TestAI */ = {
			isa = PBXGroup;
			children = (
				E22301FA297536D50078B2A4 /* Resources */,
				E22301D629732DAD0078B2A4 /* TestAIApp.swift */,
				E22301F32974267D0078B2A4 /* ContentView.swift */,
				E22301F5297426C20078B2A4 /* ImageGenerator */,
				E22301F0297423810078B2A4 /* Chat */,
				E22301F2297423950078B2A4 /* Service */,
				E22301F12974238B0078B2A4 /* Models */,
				E22301DC29732DAF0078B2A4 /* Preview Content */,
			);
			path = TestAI;
			sourceTree = "<group>";
		};
		E22301DC29732DAF0078B2A4 /* Preview Content */ = {
			isa = PBXGroup;
			children = (
				E22301DD29732DAF0078B2A4 /* Preview Assets.xcassets */,
			);
			path = "Preview Content";
			sourceTree = "<group>";
		};
		E22301F0297423810078B2A4 /* Chat */ = {
			isa = PBXGroup;
			children = (
				E22301E429732DC70078B2A4 /* ChatViewModel.swift */,
				E22301D829732DAD0078B2A4 /* ChatView.swift */,
			);
			path = Chat;
			sourceTree = "<group>";
		};
		E22301F12974238B0078B2A4 /* Models */ = {
			isa = PBXGroup;
			children = (
				E22301EB297345EA0078B2A4 /* Message.swift */,
			);
			path = Models;
			sourceTree = "<group>";
		};
		E22301F2297423950078B2A4 /* Service */ = {
			isa = PBXGroup;
			children = (
				E22301E629732DD90078B2A4 /* OpenAIService.swift */,
			);
			path = Service;
			sourceTree = "<group>";
		};
		E22301F5297426C20078B2A4 /* ImageGenerator */ = {
			isa = PBXGroup;
			children = (
				E22301F6297426F80078B2A4 /* ImageGeneratorView.swift */,
				E22301F8297427D30078B2A4 /* ImageGeneratorViewModel.swift */,
			);
			path = ImageGenerator;
			sourceTree = "<group>";
		};
		E22301FA297536D50078B2A4 /* Resources */ = {
			isa = PBXGroup;
			children = (
				E22301FB297536E10078B2A4 /* Screenshots */,
				E22301DA29732DAF0078B2A4 /* Assets.xcassets */,
			);
			path = Resources;
			sourceTree = "<group>";
		};
		E22301FB297536E10078B2A4 /* Screenshots */ = {
			isa = PBXGroup;
			children = (
				E22301FC2975370E0078B2A4 /* Simulator Screen Shot - iPhone 13 mini - 2023-01-16 at 13.08.55.png */,
				E22301FD2975370E0078B2A4 /* Simulator Screen Shot - iPhone 13 mini - 2023-01-16 at 13.09.32.png */,
			);
			path = Screenshots;
			sourceTree = "<group>";
		};
/* End PBXGroup section */

/* Begin PBXNativeTarget section */
		E22301D229732DAD0078B2A4 /* TestAI */ = {
			isa = PBXNativeTarget;
			buildConfigurationList = E22301E129732DAF0078B2A4 /* Build configuration list for PBXNativeTarget "TestAI" */;
			buildPhases = (
				E22301CF29732DAD0078B2A4 /* Sources */,
				E22301D029732DAD0078B2A4 /* Frameworks */,
				E22301D129732DAD0078B2A4 /* Resources */,
			);
			buildRules = (
			);
			dependencies = (
			);
			name = TestAI;
			packageProductDependencies = (
				E22301EE297409950078B2A4 /* OpenAIKit */,
			);
			productName = TestAI;
			productReference = E22301D329732DAD0078B2A4 /* TestAI.app */;
			productType = "com.apple.product-type.application";
		};
/* End PBXNativeTarget section */

/* Begin PBXProject section */
		E22301CB29732DAD0078B2A4 /* Project object */ = {
			isa = PBXProject;
			attributes = {
				BuildIndependentTargetsInParallel = 1;
				LastSwiftUpdateCheck = 1410;
				LastUpgradeCheck = 1410;
				TargetAttributes = {
					E22301D229732DAD0078B2A4 = {
						CreatedOnToolsVersion = 14.1;
					};
				};
			};
			buildConfigurationList = E22301CE29732DAD0078B2A4 /* Build configuration list for PBXProject "TestAI" */;
			compatibilityVersion = "Xcode 14.0";
			developmentRegion = en;
			hasScannedForEncodings = 0;
			knownRegions = (
				en,
				Base,
			);
			mainGroup = E22301CA29732DAD0078B2A4;
			packageReferences = (
				E22301ED297409950078B2A4 /* XCRemoteSwiftPackageReference "OpenAIKit" */,
			);
			productRefGroup = E22301D429732DAD0078B2A4 /* Products */;
			projectDirPath = "";
			projectRoot = "";
			targets = (
				E22301D229732DAD0078B2A4 /* TestAI */,
			);
		};
/* End PBXProject section */

/* Begin PBXResourcesBuildPhase section */
		E22301D129732DAD0078B2A4 /* Resources */ = {
			isa = PBXResourcesBuildPhase;
			buildActionMask = 2147483647;
			files = (
				E22301DE29732DAF0078B2A4 /* Preview Assets.xcassets in Resources */,
				E22301DB29732DAF0078B2A4 /* Assets.xcassets in Resources */,
				E22301FF2975370F0078B2A4 /* Simulator Screen Shot - iPhone 13 mini - 2023-01-16 at 13.09.32.png in Resources */,
				E22301FE2975370F0078B2A4 /* Simulator Screen Shot - iPhone 13 mini - 2023-01-16 at 13.08.55.png in Resources */,
			);
			runOnlyForDeploymentPostprocessing = 0;
		};
/* End PBXResourcesBuildPhase section */

/* Begin PBXSourcesBuildPhase section */
		E22301CF29732DAD0078B2A4 /* Sources */ = {
			isa = PBXSourcesBuildPhase;
			buildActionMask = 2147483647;
			files = (
				E22301D929732DAD0078B2A4 /* ChatView.swift in Sources */,
				E22301E729732DD90078B2A4 /* OpenAIService.swift in Sources */,
				E22301F42974267D0078B2A4 /* ContentView.swift in Sources */,
				E22301EC297345EA0078B2A4 /* Message.swift in Sources */,
				E22301E529732DC70078B2A4 /* ChatViewModel.swift in Sources */,
				E22301D729732DAD0078B2A4 /* TestAIApp.swift in Sources */,
				E22301F9297427D30078B2A4 /* ImageGeneratorViewModel.swift in Sources */,
				E22301F7297426F80078B2A4 /* ImageGeneratorView.swift in Sources */,
			);
			runOnlyForDeploymentPostprocessing = 0;
		};
/* End PBXSourcesBuildPhase section */

/* Begin XCBuildConfiguration section */
		E22301DF29732DAF0078B2A4 /* Debug */ = {
			isa = XCBuildConfiguration;
			buildSettings = {
				ALWAYS_SEARCH_USER_PATHS = NO;
				CLANG_ANALYZER_NONNULL = YES;
				CLANG_ANALYZER_NUMBER_OBJECT_CONVERSION = YES_AGGRESSIVE;
				CLANG_CXX_LANGUAGE_STANDARD = "gnu++20";
				CLANG_ENABLE_MODULES = YES;
				CLANG_ENABLE_OBJC_ARC = YES;
				CLANG_ENABLE_OBJC_WEAK = YES;
				CLANG_WARN_BLOCK_CAPTURE_AUTORELEASING = YES;
				CLANG_WARN_BOOL_CONVERSION = YES;
				CLANG_WARN_COMMA = YES;
				CLANG_WARN_CONSTANT_CONVERSION = YES;
				CLANG_WARN_DEPRECATED_OBJC_IMPLEMENTATIONS = YES;
				CLANG_WARN_DIRECT_OBJC_ISA_USAGE = YES_ERROR;
				CLANG_WARN_DOCUMENTATION_COMMENTS = YES;
				CLANG_WARN_EMPTY_BODY = YES;
				CLANG_WARN_ENUM_CONVERSION = YES;
				CLANG_WARN_INFINITE_RECURSION = YES;
				CLANG_WARN_INT_CONVERSION = YES;
				CLANG_WARN_NON_LITERAL_NULL_CONVERSION = YES;
				CLANG_WARN_OBJC_IMPLICIT_RETAIN_SELF = YES;
				CLANG_WARN_OBJC_LITERAL_CONVERSION = YES;
				CLANG_WARN_OBJC_ROOT_CLASS = YES_ERROR;
				CLANG_WARN_QUOTED_INCLUDE_IN_FRAMEWORK_HEADER = YES;
				CLANG_WARN_RANGE_LOOP_ANALYSIS = YES;
				CLANG_WARN_STRICT_PROTOTYPES = YES;
				CLANG_WARN_SUSPICIOUS_MOVE = YES;
				CLANG_WARN_UNGUARDED_AVAILABILITY = YES_AGGRESSIVE;
				CLANG_WARN_UNREACHABLE_CODE = YES;
				CLANG_WARN__DUPLICATE_METHOD_MATCH = YES;
				COPY_PHASE_STRIP = NO;
				DEBUG_INFORMATION_FORMAT = dwarf;
				ENABLE_STRICT_OBJC_MSGSEND = YES;
				ENABLE_TESTABILITY = YES;
				GCC_C_LANGUAGE_STANDARD = gnu11;
				GCC_DYNAMIC_NO_PIC = NO;
				GCC_NO_COMMON_BLOCKS = YES;
				GCC_OPTIMIZATION_LEVEL = 0;
				GCC_PREPROCESSOR_DEFINITIONS = (
					"DEBUG=1",
					"$(inherited)",
				);
				GCC_WARN_64_TO_32_BIT_CONVERSION = YES;
				GCC_WARN_ABOUT_RETURN_TYPE = YES_ERROR;
				GCC_WARN_UNDECLARED_SELECTOR = YES;
				GCC_WARN_UNINITIALIZED_AUTOS = YES_AGGRESSIVE;
				GCC_WARN_UNUSED_FUNCTION = YES;
				GCC_WARN_UNUSED_VARIABLE = YES;
				IPHONEOS_DEPLOYMENT_TARGET = 16.1;
				MTL_ENABLE_DEBUG_INFO = INCLUDE_SOURCE;
				MTL_FAST_MATH = YES;
				ONLY_ACTIVE_ARCH = YES;
				SDKROOT = iphoneos;
				SWIFT_ACTIVE_COMPILATION_CONDITIONS = DEBUG;
				SWIFT_OPTIMIZATION_LEVEL = "-Onone";
			};
			name = Debug;
		};
		E22301E029732DAF0078B2A4 /* Release */ = {
			isa = XCBuildConfiguration;
			buildSettings = {
				ALWAYS_SEARCH_USER_PATHS = NO;
				CLANG_ANALYZER_NONNULL = YES;
				CLANG_ANALYZER_NUMBER_OBJECT_CONVERSION = YES_AGGRESSIVE;
				CLANG_CXX_LANGUAGE_STANDARD = "gnu++20";
				CLANG_ENABLE_MODULES = YES;
				CLANG_ENABLE_OBJC_ARC = YES;
				CLANG_ENABLE_OBJC_WEAK = YES;
				CLANG_WARN_BLOCK_CAPTURE_AUTORELEASING = YES;
				CLANG_WARN_BOOL_CONVERSION = YES;
				CLANG_WARN_COMMA = YES;
				CLANG_WARN_CONSTANT_CONVERSION = YES;
				CLANG_WARN_DEPRECATED_OBJC_IMPLEMENTATIONS = YES;
				CLANG_WARN_DIRECT_OBJC_ISA_USAGE = YES_ERROR;
				CLANG_WARN_DOCUMENTATION_COMMENTS = YES;
				CLANG_WARN_EMPTY_BODY = YES;
				CLANG_WARN_ENUM_CONVERSION = YES;
				CLANG_WARN_INFINITE_RECURSION = YES;
				CLANG_WARN_INT_CONVERSION = YES;
				CLANG_WARN_NON_LITERAL_NULL_CONVERSION = YES;
				CLANG_WARN_OBJC_IMPLICIT_RETAIN_SELF = YES;
				CLANG_WARN_OBJC_LITERAL_CONVERSION = YES;
				CLANG_WARN_OBJC_ROOT_CLASS = YES_ERROR;
				CLANG_WARN_QUOTED_INCLUDE_IN_FRAMEWORK_HEADER = YES;
				CLANG_WARN_RANGE_LOOP_ANALYSIS = YES;
				CLANG_WARN_STRICT_PROTOTYPES = YES;
				CLANG_WARN_SUSPICIOUS_MOVE = YES;
				CLANG_WARN_UNGUARDED_AVAILABILITY = YES_AGGRESSIVE;
				CLANG_WARN_UNREACHABLE_CODE = YES;
				CLANG_WARN__DUPLICATE_METHOD_MATCH = YES;
				COPY_PHASE_STRIP = NO;
				DEBUG_INFORMATION_FORMAT = "dwarf-with-dsym";
				ENABLE_NS_ASSERTIONS = NO;
				ENABLE_STRICT_OBJC_MSGSEND = YES;
				GCC_C_LANGUAGE_STANDARD = gnu11;
				GCC_NO_COMMON_BLOCKS = YES;
				GCC_WARN_64_TO_32_BIT_CONVERSION = YES;
				GCC_WARN_ABOUT_RETURN_TYPE = YES_ERROR;
				GCC_WARN_UNDECLARED_SELECTOR = YES;
				GCC_WARN_UNINITIALIZED_AUTOS = YES_AGGRESSIVE;
				GCC_WARN_UNUSED_FUNCTION = YES;
				GCC_WARN_UNUSED_VARIABLE = YES;
				IPHONEOS_DEPLOYMENT_TARGET = 16.1;
				MTL_ENABLE_DEBUG_INFO = NO;
				MTL_FAST_MATH = YES;
				SDKROOT = iphoneos;
				SWIFT_COMPILATION_MODE = wholemodule;
				SWIFT_OPTIMIZATION_LEVEL = "-O";
				VALIDATE_PRODUCT = YES;
			};
			name = Release;
		};
		E22301E229732DAF0078B2A4 /* Debug */ = {
			isa = XCBuildConfiguration;
			buildSettings = {
				ASSETCATALOG_COMPILER_APPICON_NAME = AppIcon;
				ASSETCATALOG_COMPILER_GLOBAL_ACCENT_COLOR_NAME = AccentColor;
				CODE_SIGN_STYLE = Automatic;
				CURRENT_PROJECT_VERSION = 1;
				DEVELOPMENT_ASSET_PATHS = "\"TestAI/Preview Content\"";
				DEVELOPMENT_TEAM = H2N6P9225K;
				ENABLE_PREVIEWS = YES;
				GENERATE_INFOPLIST_FILE = YES;
				INFOPLIST_KEY_UIApplicationSceneManifest_Generation = YES;
				INFOPLIST_KEY_UIApplicationSupportsIndirectInputEvents = YES;
				INFOPLIST_KEY_UILaunchScreen_Generation = YES;
				INFOPLIST_KEY_UISupportedInterfaceOrientations_iPad = "UIInterfaceOrientationPortrait UIInterfaceOrientationPortraitUpsideDown UIInterfaceOrientationLandscapeLeft UIInterfaceOrientationLandscapeRight";
				INFOPLIST_KEY_UISupportedInterfaceOrientations_iPhone = "UIInterfaceOrientationPortrait UIInterfaceOrientationLandscapeLeft UIInterfaceOrientationLandscapeRight";
				LD_RUNPATH_SEARCH_PATHS = (
					"$(inherited)",
					"@executable_path/Frameworks",
				);
				MARKETING_VERSION = 1.0;
				PRODUCT_BUNDLE_IDENTIFIER = com.andrianov.TestAI;
				PRODUCT_NAME = "$(TARGET_NAME)";
				SWIFT_EMIT_LOC_STRINGS = YES;
				SWIFT_VERSION = 5.0;
				TARGETED_DEVICE_FAMILY = "1,2";
			};
			name = Debug;
		};
		E22301E329732DAF0078B2A4 /* Release */ = {
			isa = XCBuildConfiguration;
			buildSettings = {
				ASSETCATALOG_COMPILER_APPICON_NAME = AppIcon;
				ASSETCATALOG_COMPILER_GLOBAL_ACCENT_COLOR_NAME = AccentColor;
				CODE_SIGN_STYLE = Automatic;
				CURRENT_PROJECT_VERSION = 1;
				DEVELOPMENT_ASSET_PATHS = "\"TestAI/Preview Content\"";
				DEVELOPMENT_TEAM = H2N6P9225K;
				ENABLE_PREVIEWS = YES;
				GENERATE_INFOPLIST_FILE = YES;
				INFOPLIST_KEY_UIApplicationSceneManifest_Generation = YES;
				INFOPLIST_KEY_UIApplicationSupportsIndirectInputEvents = YES;
				INFOPLIST_KEY_UILaunchScreen_Generation = YES;
				INFOPLIST_KEY_UISupportedInterfaceOrientations_iPad = "UIInterfaceOrientationPortrait UIInterfaceOrientationPortraitUpsideDown UIInterfaceOrientationLandscapeLeft UIInterfaceOrientationLandscapeRight";
				INFOPLIST_KEY_UISupportedInterfaceOrientations_iPhone = "UIInterfaceOrientationPortrait UIInterfaceOrientationLandscapeLeft UIInterfaceOrientationLandscapeRight";
				LD_RUNPATH_SEARCH_PATHS = (
					"$(inherited)",
					"@executable_path/Frameworks",
				);
				MARKETING_VERSION = 1.0;
				PRODUCT_BUNDLE_IDENTIFIER = com.andrianov.TestAI;
				PRODUCT_NAME = "$(TARGET_NAME)";
				SWIFT_EMIT_LOC_STRINGS = YES;
				SWIFT_VERSION = 5.0;
				TARGETED_DEVICE_FAMILY = "1,2";
			};
			name = Release;
		};
/* End XCBuildConfiguration section */

/* Begin XCConfigurationList section */
		E22301CE29732DAD0078B2A4 /* Build configuration list for PBXProject "TestAI" */ = {
			isa = XCConfigurationList;
			buildConfigurations = (
				E22301DF29732DAF0078B2A4 /* Debug */,
				E22301E029732DAF0078B2A4 /* Release */,
			);
			defaultConfigurationIsVisible = 0;
			defaultConfigurationName = Release;
		};
		E22301E129732DAF0078B2A4 /* Build configuration list for PBXNativeTarget "TestAI" */ = {
			isa = XCConfigurationList;
			buildConfigurations = (
				E22301E229732DAF0078B2A4 /* Debug */,
				E22301E329732DAF0078B2A4 /* Release */,
			);
			defaultConfigurationIsVisible = 0;
			defaultConfigurationName = Release;
		};
/* End XCConfigurationList section */

/* Begin XCRemoteSwiftPackageReference section */
		E22301ED297409950078B2A4 /* XCRemoteSwiftPackageReference "OpenAIKit" */ = {
			isa = XCRemoteSwiftPackageReference;
			repositoryURL = "https://github.com/marcodotio/OpenAIKit.git";
			requirement = {
				kind = upToNextMajorVersion;
				minimumVersion = 1.0.0;
			};
		};
/* End XCRemoteSwiftPackageReference section */

/* Begin XCSwiftPackageProductDependency section */
		E22301EE297409950078B2A4 /* OpenAIKit */ = {
			isa = XCSwiftPackageProductDependency;
			package = E22301ED297409950078B2A4 /* XCRemoteSwiftPackageReference "OpenAIKit" */;
			productName = OpenAIKit;
		};
/* End XCSwiftPackageProductDependency section */
	};
	rootObject = E22301CB29732DAD0078B2A4 /* Project object */;
}
